
Microsoft Visual Studio Solution File, Format Version 12.00
# Visual Studio Version 17
VisualStudioVersion = 17.5.33516.290
MinimumVisualStudioVersion = 10.0.40219.1
Project("{FAE04EC0-301F-11D3-BF4B-00C04F79EFBC}") = "PredictiveMaintenance", "PredictiveMaintenance\PredictiveMaintenance.csproj", "{935EE39A-6CEA-479D-9124-1A9FA9BFF336}"
EndProject
Project("{9A19103F-16F7-4668-BE54-9A1E7A4F7556}") = "PredictiveMaintenanceConsole", "PredictiveMaintenanceConsole\PredictiveMaintenanceConsole.csproj", "{A782FCB4-C34E-47B5-83D1-23FDE877E395}"
EndProject
Global
	GlobalSection(SolutionConfigurationPlatforms) = preSolution
		Debug|Any CPU = Debug|Any CPU
		Release|Any CPU = Release|Any CPU
	EndGlobalSection
	GlobalSection(ProjectConfigurationPlatforms) = postSolution
		{935EE39A-6CEA-479D-9124-1A9FA9BFF336}.Debug|Any CPU.ActiveCfg = Debug|Any CPU
		{935EE39A-6CEA-479D-9124-1A9FA9BFF336}.Debug|Any CPU.Build.0 = Debug|Any CPU
		{935EE39A-6CEA-479D-9124-1A9FA9BFF336}.Release|Any CPU.ActiveCfg = Release|Any CPU
		{935EE39A-6CEA-479D-9124-1A9FA9BFF336}.Release|Any CPU.Build.0 = Release|Any CPU
		{A782FCB4-C34E-47B5-83D1-23FDE877E395}.Debug|Any CPU.ActiveCfg = Debug|Any CPU
		{A782FCB4-C34E-47B5-83D1-23FDE877E395}.Debug|Any CPU.Build.0 = Debug|Any CPU
		{A782FCB4-C34E-47B5-83D1-23FDE877E395}.Release|Any CPU.ActiveCfg = Release|Any CPU
		{A782FCB4-C34E-47B5-83D1-23FDE877E395}.Release|Any CPU.Build.0 = Release|Any CPU
	EndGlobalSection
	GlobalSection(SolutionProperties) = preSolution
		HideSolutionNode = FALSE
	EndGlobalSection
	GlobalSection(ExtensibilityGlobals) = postSolution
		SolutionGuid = {2F236765-845A-4C60-B7BB-083612FD31C6}
	EndGlobalSection
EndGlobal
